github.com/nunocoracao/blowfish/v2 v2.97.0 h1:ofFBkTQKFDnM5/XVLReuJ6KPzLQFwscEg0dYEebWXvw=
github.com/nunocoracao/blowfish/v2 v2.97.0/go.mod h1:4SkMc+Ht8gpQCwArqiHMBDP3soxi2OWuAhVney+cuyk=
github.com/tamada/hugo_theme_mod v0.0.0-20260208061658-30eb80995452 h1:/7cT/INXFtsoRrN75SJhc9n6W6rEudQ+La1qGPgrqys=
github.com/tamada/hugo_theme_mod v0.0.0-20260208061658-30eb80995452/go.mod h1:9X6na3BQHPMbdY85ViJZuM6OxnPEjQ/073zT26mDZKc=
github.com/tamada/hugo_theme_mod v0.0.0-20260208070750-39a85c2d7cc1 h1:LT6HAq8FLDw8iGW1yFVpNEMW2gFGauDLWWgWcwv/xx0=
github.com/tamada/hugo_theme_mod v0.0.0-20260208070750-39a85c2d7cc1/go.mod h1:9X6na3BQHPMbdY85ViJZuM6OxnPEjQ/073zT26mDZKc=
github.com/tamada/hugo_theme_mod v0.0.0-20260208075559-9ad21fe5c7a6 h1:jxMxw5sgZscY+fui/MeTGLQJZ4zzxMOFmtfch8rR84g=
github.com/tamada/hugo_theme_mod v0.0.0-20260208075559-9ad21fe5c7a6/go.mod h1:9X6na3BQHPMbdY85ViJZuM6OxnPEjQ/073zT26mDZKc=
github.com/tamada/hugo_theme_mod v0.0.0-20260208075822-8b99fee04b44 h1:hZyXSMFkfdXkeVXxoJhAjZQHll7t0BoIZcMih9yhTgw=
github.com/tamada/hugo_theme_mod v0.0.0-20260208075822-8b99fee04b44/go.mod h1:9X6na3BQHPMbdY85ViJZuM6OxnPEjQ/073zT26mDZKc=
github.com/tamada/hugo_theme_mod v0.0.0-20260208080146-1497c09c3593 h1:PY+EasAh+2UdYzMs/uq49J+wIRDIsqDUvdCa2r+gVn8=
github.com/tamada/hugo_theme_mod v0.0.0-20260208080146-1497c09c3593/go.mod h1:9X6na3BQHPMbdY85ViJZuM6OxnPEjQ/073zT26mDZKc=
